Microsoft Visual Studio Solution File, Format Version 12.00
# 
Project("{FAE04EC0-301F-11D3-BF4B-00C04F79EFBC}") = "DinoLife.Core", "src\DinoLife.Core\DinoLife.Core.csproj", "{GUID1}"
EndProject
Project("{FAE04EC0-301F-11D3-BF4B-00C04F79EFBC}") = "DinoLife.Rendering", "src\DinoLife.Rendering\DinoLife.Rendering.csproj", "{GUID2}"
EndProject
Project("{FAE04EC0-301F-11D3-BF4B-00C04F79EFBC}") = "DinoLife.Persistence", "src\DinoLife.Persistence\DinoLife.Persistence.csproj", "{GUID3}"
EndProject
Project("{FAE04EC0-301F-11D3-BF4B-00C04F79EFBC}") = "DinoLife.Console", "src\DinoLife.Console\DinoLife.Console.csproj", "{GUID4}"
EndProject
Project("{FAE04EC0-301F-11D3-BF4B-00C04F79EFBC}") = "DinoLife.Core.Tests", "tests\DinoLife.Core.Tests\DinoLife.Core.Tests.csproj", "{GUID5}"
EndProject
Project("{FAE04EC0-301F-11D3-BF4B-00C04F79EFBC}") = "DinoLife.Rendering.Tests", "tests\DinoLife.Rendering.Tests\DinoLife.Rendering.Tests.csproj", "{GUID6}"
EndProject
Project("{FAE04EC0-301F-11D3-BF4B-00C04F79EFBC}") = "DinoLife.Benchmarks", "tests\DinoLife.Benchmarks\DinoLife.Benchmarks.csproj", "{GUID7}"
EndProject
Project("{2150E333-8FDC-42A3-9474-1A3956D46DE8}") = "tests", "tests", "{7D8C05E5-AFBC-40C9-9E97-D58952195E0C}"
EndProject
Project("{FAE04EC0-301F-11D3-BF4B-00C04F79EFBC}") = "DinoLife.Persistence.Tests", "tests\DinoLife.Persistence.Tests\DinoLife.Persistence.Tests.csproj", "{2F9510C9-004D-49B9-99AD-5445A86C15C6}"
EndProject
Global
	GlobalSection(SolutionConfigurationPlatforms) = preSolution
		Debug|Any CPU = Debug|Any CPU
		Release|Any CPU = Release|Any CPU
	EndGlobalSection
	GlobalSection(ProjectConfigurationPlatforms) = postSolution
		{GUID1}.Debug|Any CPU.ActiveCfg = Debug|Any CPU
		{GUID1}.Debug|Any CPU.Build.0 = Debug|Any CPU
		{GUID1}.Release|Any CPU.ActiveCfg = Release|Any CPU
		{GUID1}.Release|Any CPU.Build.0 = Release|Any CPU
		{GUID2}.Debug|Any CPU.ActiveCfg = Debug|Any CPU
		{GUID2}.Debug|Any CPU.Build.0 = Debug|Any CPU
		{GUID2}.Release|Any CPU.ActiveCfg = Release|Any CPU
		{GUID2}.Release|Any CPU.Build.0 = Release|Any CPU
		{GUID3}.Debug|Any CPU.ActiveCfg = Debug|Any CPU
		{GUID3}.Debug|Any CPU.Build.0 = Debug|Any CPU
		{GUID3}.Release|Any CPU.ActiveCfg = Release|Any CPU
		{GUID3}.Release|Any CPU.Build.0 = Release|Any CPU
		{GUID4}.Debug|Any CPU.ActiveCfg = Debug|Any CPU
		{GUID4}.Debug|Any CPU.Build.0 = Debug|Any CPU
		{GUID4}.Release|Any CPU.ActiveCfg = Release|Any CPU
		{GUID4}.Release|Any CPU.Build.0 = Release|Any CPU
		{GUID5}.Debug|Any CPU.ActiveCfg = Debug|Any CPU
		{GUID5}.Debug|Any CPU.Build.0 = Debug|Any CPU
		{GUID5}.Release|Any CPU.ActiveCfg = Release|Any CPU
		{GUID5}.Release|Any CPU.Build.0 = Release|Any CPU
		{GUID6}.Debug|Any CPU.ActiveCfg = Debug|Any CPU
		{GUID6}.Debug|Any CPU.Build.0 = Debug|Any CPU
		{GUID6}.Release|Any CPU.ActiveCfg = Release|Any CPU
		{GUID6}.Release|Any CPU.Build.0 = Release|Any CPU
		{GUID7}.Debug|Any CPU.ActiveCfg = Debug|Any CPU
		{GUID7}.Debug|Any CPU.Build.0 = Debug|Any CPU
		{GUID7}.Release|Any CPU.ActiveCfg = Release|Any CPU
		{GUID7}.Release|Any CPU.Build.0 = Release|Any CPU
		{2F9510C9-004D-49B9-99AD-5445A86C15C6}.Debug|Any CPU.ActiveCfg = Debug|Any CPU
		{2F9510C9-004D-49B9-99AD-5445A86C15C6}.Debug|Any CPU.Build.0 = Debug|Any CPU
		{2F9510C9-004D-49B9-99AD-5445A86C15C6}.Release|Any CPU.ActiveCfg = Release|Any CPU
		{2F9510C9-004D-49B9-99AD-5445A86C15C6}.Release|Any CPU.Build.0 = Release|Any CPU
	EndGlobalSection
	GlobalSection(NestedProjects) = preSolution
		{2F9510C9-004D-49B9-99AD-5445A86C15C6} = {7D8C05E5-AFBC-40C9-9E97-D58952195E0C}
	EndGlobalSection
EndGlobal
